{
  "name": "Qrcode generator",
  "lockfileVersion": 3,
  "requires": true,
  "packages": {
    "": {
      "dependencies": {
        "@juit/qrcode": "^1.0.88"
      }
    },
    "node_modules/@juit/qrcode": {
      "version": "1.0.88",
      "resolved": "https://registry.npmjs.org/@juit/qrcode/-/qrcode-1.0.88.tgz",
      "integrity": "sha512-nfBxeVh5tPjCdoS98H3wxXSXJpN6gh+vYc56z4uM818NKtG5/6aEYsQWeWJ4oK7ZqA9m/WvRxNMlyIWpKlw0Rg==",
      "license": "Apache-2.0"
    }
  }
}
